
Microsoft Visual Studio Solution File, Format Version 12.00
# Visual Studio Version 16
VisualStudioVersion = 25.0.1700.0
MinimumVisualStudioVersion = 10.0.40219.1
Project("{FAE04EC0-301F-11D3-BF4B-00C04F79EFBC}") = "M365Webhooks", "M365Webhooks\M365Webhooks.csproj", "{0FD6F26C-1137-4ED7-A6BB-3E0435C9FDA8}"
EndProject
Global
	GlobalSection(SolutionConfigurationPlatforms) = preSolution
		Debug|Any CPU = Debug|Any CPU
		Release|Any CPU = Release|Any CPU
	EndGlobalSection
	GlobalSection(ProjectConfigurationPlatforms) = postSolution
		{0FD6F26C-1137-4ED7-A6BB-3E0435C9FDA8}.Debug|Any CPU.ActiveCfg = Debug|Any CPU
		{0FD6F26C-1137-4ED7-A6BB-3E0435C9FDA8}.Debug|Any CPU.Build.0 = Debug|Any CPU
		{0FD6F26C-1137-4ED7-A6BB-3E0435C9FDA8}.Release|Any CPU.ActiveCfg = Release|Any CPU
		{0FD6F26C-1137-4ED7-A6BB-3E0435C9FDA8}.Release|Any CPU.Build.0 = Release|Any CPU
	EndGlobalSection
	GlobalSection(SolutionProperties) = preSolution
		HideSolutionNode = FALSE
	EndGlobalSection
	GlobalSection(ExtensibilityGlobals) = postSolution
		SolutionGuid = {133348D8-C352-4EAB-ADC2-FF3A293C3A0E}
	EndGlobalSection
EndGlobal
